<?xml version="1.0" encoding="utf-8"?>
<Project ToolsVersion="4.0" xmlns="http://schemas.microsoft.com/developer/msbuild/2003">
  <ItemGroup>
    <ClCompile Include="Src\Common\Collider.cpp" />
    <ClCompile Include="Src\Application.cpp" />
    <ClCompile Include="Src\Common\Camera.cpp" />
    <ClCompile Include="Src\Common\Fader.cpp" />
    <ClCompile Include="Src\Common\Quaternion.cpp" />
    <ClCompile Include="Src\Common\Vector2.cpp" />
    <ClCompile Include="Src\main.cpp" />
    <ClCompile Include="Src\Manager\InputManager.cpp" />
    <ClCompile Include="Src\Manager\MiniCamera.cpp" />
    <ClCompile Include="Src\Manager\SceneManager.cpp" />
    <ClCompile Include="Src\Object\Grid.cpp" />
    <ClCompile Include="Src\Scene\GameScene.cpp" />
    <ClCompile Include="Src\Scene\SceneBase.cpp" />
    <ClCompile Include="Src\Scene\TitleScene.cpp" />
    <ClCompile Include="Src\Utility\AsoUtility.cpp" />
    <ClCompile Include="Src\Object\Gyoku.cpp" />
    <ClCompile Include="Src\Object\Ou.cpp" />
    <ClCompile Include="Src\Object\pieceBase.cpp" />
    <ClCompile Include="Src\Object\PlayBpard.cpp" />
    <ClCompile Include="Src\Manager\Camera.cpp" />
    <ClCompile Include="Src\Manager\LightManager.cpp" />
    <ClCompile Include="Src\Manager\Resource.cpp" />
    <ClCompile Include="Src\Manager\ResourceManager.cpp" />
    <ClCompile Include="Src\Common\Cell.cpp" />
    <ClCompile Include="Src\Common\MouseCursor.cpp" />
    <ClCompile Include="Src\Common\Vector3.cpp" />
    <ClCompile Include="Src\Scene\FPSBattleScene.cpp" />
    <ClCompile Include="Src\Scene\ResultScene.cpp" />
    <ClCompile Include="Src\Common\Capsule.cpp" />
    <ClCompile Include="Src\Common\Transform.cpp" />
    <ClCompile Include="Src\Common\AnimationController.cpp" />
    <ClCompile Include="Src\Object\Enemy.cpp" />
    <ClCompile Include="Src\Object\ActorBase.cpp" />
    <ClCompile Include="Src\Object\Player.cpp" />
    <ClCompile Include="Src\Object\Fu.cpp" />
    <ClCompile Include="Src\Object\Gin.cpp" />
    <ClCompile Include="Src\Object\Hisha.cpp" />
    <ClCompile Include="Src\Object\Kaku.cpp" />
    <ClCompile Include="Src\Object\Kin.cpp" />
  </ItemGroup>
  <ItemGroup>
    <ClInclude Include="Src\Common\Collider.h" />
    <ClInclude Include="Src\Application.h" />
    <ClInclude Include="Src\Common\Camera.h" />
    <ClInclude Include="Src\Common\Fader.h" />
    <ClInclude Include="Src\Common\Quaternion.h" />
    <ClInclude Include="Src\Common\Vector2.h" />
    <ClInclude Include="Src\main.h" />
    <ClInclude Include="Src\Manager\InputManager.h" />
    <ClInclude Include="Src\Manager\MiniCamera.h" />
    <ClInclude Include="Src\Manager\SceneManager.h" />
    <ClInclude Include="Src\Object\Grid.h" />
    <ClInclude Include="Src\Scene\GameScene.h" />
    <ClInclude Include="Src\Scene\SceneBase.h" />
    <ClInclude Include="Src\Scene\TitleScene.h" />
    <ClInclude Include="Src\Utility\AsoUtility.h" />
    <ClInclude Include="Src\Object\Gyoku.h" />
    <ClInclude Include="Src\Object\Ou.h" />
    <ClInclude Include="Src\Object\pieceBase.h" />
    <ClInclude Include="Src\Object\PlayBpard.h" />
    <ClInclude Include="Src\Manager\Camera.h" />
    <ClInclude Include="Src\Manager\LightManager.h" />
    <ClInclude Include="Src\Manager\Resource.h" />
    <ClInclude Include="Src\Manager\ResourceManager.h" />
    <ClInclude Include="Src\Common\Cell.h" />
    <ClInclude Include="Src\Common\MouseCursor.h" />
    <ClInclude Include="Src\Common\Vector3.h" />
    <ClInclude Include="Src\Scene\FPSBattleScene.h" />
    <ClInclude Include="Src\Scene\ResultScene.h" />
    <ClInclude Include="Src\Common\Capsule.h" />
    <ClInclude Include="Src\Common\Transform.h" />
    <ClInclude Include="Src\Common\AnimationController.h" />
    <ClInclude Include="Src\Object\Enemy.h" />
    <ClInclude Include="Src\Object\ActorBase.h" />
    <ClInclude Include="Src\Object\Player.h" />
    <ClInclude Include="Src\Object\Fu.h" />
    <ClInclude Include="Src\Object\Gin.h" />
    <ClInclude Include="Src\Object\Hisha.h" />
    <ClInclude Include="Src\Object\Kaku.h" />
    <ClInclude Include="Src\Object\Kin.h" />
  </ItemGroup>
</Project>